
Microsoft Visual Studio Solution File, Format Version 12.00
# Visual Studio Version 16
VisualStudioVersion = 16.0.29201.188
MinimumVisualStudioVersion = 10.0.40219.1
Project("{FAE04EC0-301F-11D3-BF4B-00C04F79EFBC}") = "BceDotNetSdk", "BceDotNetSdk\BceDotNetSdk.csproj", "{E6B2D3D5-191D-42F5-AE7E-740989210C72}"
EndProject
Project("{9A19103F-16F7-4668-BE54-9A1E7A4F7556}") = "BOS.Test2", "BOS.Test2\BOS.Test2.csproj", "{77B8005F-9D0E-4F5D-A8DF-1F189C29027A}"
EndProject
Global
	GlobalSection(SolutionConfigurationPlatforms) = preSolution
		Debug|Any CPU = Debug|Any CPU
		Release|Any CPU = Release|Any CPU
	EndGlobalSection
	GlobalSection(ProjectConfigurationPlatforms) = postSolution
		{E6B2D3D5-191D-42F5-AE7E-740989210C72}.Debug|Any CPU.ActiveCfg = Debug|Any CPU
		{E6B2D3D5-191D-42F5-AE7E-740989210C72}.Debug|Any CPU.Build.0 = Debug|Any CPU
		{E6B2D3D5-191D-42F5-AE7E-740989210C72}.Release|Any CPU.ActiveCfg = Release|Any CPU
		{E6B2D3D5-191D-42F5-AE7E-740989210C72}.Release|Any CPU.Build.0 = Release|Any CPU
		{77B8005F-9D0E-4F5D-A8DF-1F189C29027A}.Debug|Any CPU.ActiveCfg = Debug|Any CPU
		{77B8005F-9D0E-4F5D-A8DF-1F189C29027A}.Debug|Any CPU.Build.0 = Debug|Any CPU
		{77B8005F-9D0E-4F5D-A8DF-1F189C29027A}.Release|Any CPU.ActiveCfg = Release|Any CPU
		{77B8005F-9D0E-4F5D-A8DF-1F189C29027A}.Release|Any CPU.Build.0 = Release|Any CPU
	EndGlobalSection
	GlobalSection(SolutionProperties) = preSolution
		HideSolutionNode = FALSE
	EndGlobalSection
	GlobalSection(ExtensibilityGlobals) = postSolution
		SolutionGuid = {EF8D3D97-6ACF-498D-B884-222EFFCCF66F}
	EndGlobalSection
EndGlobal
